
Microsoft Visual Studio Solution File, Format Version 12.00
# Visual Studio 2013
VisualStudioVersion = 12.0.31101.0
MinimumVisualStudioVersion = 10.0.40219.1
Project("{FAE04EC0-301F-11D3-BF4B-00C04F79EFBC}") = "NGitVersion", "Version\src\NGitVersion\NGitVersion.csproj", "{BADB59FB-1A14-42AF-B314-152C4787F437}"
EndProject
Project("{FAE04EC0-301F-11D3-BF4B-00C04F79EFBC}") = "NCase", "NCase\NCase.csproj", "{27C500D5-5781-47C9-8F64-FCED56FDDBBD}"
EndProject
Project("{FAE04EC0-301F-11D3-BF4B-00C04F79EFBC}") = "NCaseTest", "NCaseTest\NCaseTest.csproj", "{02C99571-1D56-4883-963B-62B747D6B08C}"
EndProject
Project("{FAE04EC0-301F-11D3-BF4B-00C04F79EFBC}") = "NDsl", "NDsl\NDsl.csproj", "{8577FB44-7DE1-4E70-A00A-AB13DF5E84F3}"
EndProject
Project("{FAE04EC0-301F-11D3-BF4B-00C04F79EFBC}") = "NDsl.Autofac", "NDsl.Autofac\NDsl.Autofac.csproj", "{FD488CB0-EFEB-4E14-86D8-220D378A716F}"
EndProject
Global
	GlobalSection(SolutionConfigurationPlatforms) = preSolution
		Debug|Any CPU = Debug|Any CPU
		Release|Any CPU = Release|Any CPU
	EndGlobalSection
	GlobalSection(ProjectConfigurationPlatforms) = postSolution
		{BADB59FB-1A14-42AF-B314-152C4787F437}.Debug|Any CPU.ActiveCfg = Debug|Any CPU
		{BADB59FB-1A14-42AF-B314-152C4787F437}.Debug|Any CPU.Build.0 = Debug|Any CPU
		{BADB59FB-1A14-42AF-B314-152C4787F437}.Release|Any CPU.ActiveCfg = Release|Any CPU
		{BADB59FB-1A14-42AF-B314-152C4787F437}.Release|Any CPU.Build.0 = Release|Any CPU
		{27C500D5-5781-47C9-8F64-FCED56FDDBBD}.Debug|Any CPU.ActiveCfg = Debug|Any CPU
		{27C500D5-5781-47C9-8F64-FCED56FDDBBD}.Debug|Any CPU.Build.0 = Debug|Any CPU
		{27C500D5-5781-47C9-8F64-FCED56FDDBBD}.Release|Any CPU.ActiveCfg = Release|Any CPU
		{27C500D5-5781-47C9-8F64-FCED56FDDBBD}.Release|Any CPU.Build.0 = Release|Any CPU
		{02C99571-1D56-4883-963B-62B747D6B08C}.Debug|Any CPU.ActiveCfg = Debug|Any CPU
		{02C99571-1D56-4883-963B-62B747D6B08C}.Debug|Any CPU.Build.0 = Debug|Any CPU
		{02C99571-1D56-4883-963B-62B747D6B08C}.Release|Any CPU.ActiveCfg = Release|Any CPU
		{02C99571-1D56-4883-963B-62B747D6B08C}.Release|Any CPU.Build.0 = Release|Any CPU
		{8577FB44-7DE1-4E70-A00A-AB13DF5E84F3}.Debug|Any CPU.ActiveCfg = Debug|Any CPU
		{8577FB44-7DE1-4E70-A00A-AB13DF5E84F3}.Debug|Any CPU.Build.0 = Debug|Any CPU
		{8577FB44-7DE1-4E70-A00A-AB13DF5E84F3}.Release|Any CPU.ActiveCfg = Release|Any CPU
		{8577FB44-7DE1-4E70-A00A-AB13DF5E84F3}.Release|Any CPU.Build.0 = Release|Any CPU
		{FD488CB0-EFEB-4E14-86D8-220D378A716F}.Debug|Any CPU.ActiveCfg = Debug|Any CPU
		{FD488CB0-EFEB-4E14-86D8-220D378A716F}.Debug|Any CPU.Build.0 = Debug|Any CPU
		{FD488CB0-EFEB-4E14-86D8-220D378A716F}.Release|Any CPU.ActiveCfg = Release|Any CPU
		{FD488CB0-EFEB-4E14-86D8-220D378A716F}.Release|Any CPU.Build.0 = Release|Any CPU
	EndGlobalSection
	GlobalSection(SolutionProperties) = preSolution
		HideSolutionNode = FALSE
	EndGlobalSection
EndGlobal
