
Microsoft Visual Studio Solution File, Format Version 12.00
# Visual Studio 2013
VisualStudioVersion = 12.0.40629.0
MinimumVisualStudioVersion = 10.0.40219.1
Project("{FAE04EC0-301F-11D3-BF4B-00C04F79EFBC}") = "NGitVersion", "Version\src\NGitVersion\NGitVersion.csproj", "{BADB59FB-1A14-42AF-B314-152C4787F437}"
EndProject
Project("{FAE04EC0-301F-11D3-BF4B-00C04F79EFBC}") = "NCase.Core", "NCase.Core\NCase.Core.csproj", "{27C500D5-5781-47C9-8F64-FCED56FDDBBD}"
	ProjectSection(ProjectDependencies) = postProject
		{BADB59FB-1A14-42AF-B314-152C4787F437} = {BADB59FB-1A14-42AF-B314-152C4787F437}
	EndProjectSection
EndProject
Project("{FAE04EC0-301F-11D3-BF4B-00C04F79EFBC}") = "NCase.Test", "NCase.Test\NCase.Test.csproj", "{02C99571-1D56-4883-963B-62B747D6B08C}"
EndProject
Project("{FAE04EC0-301F-11D3-BF4B-00C04F79EFBC}") = "NDsl.Core", "NDsl.Core\NDsl.Core.csproj", "{8577FB44-7DE1-4E70-A00A-AB13DF5E84F3}"
	ProjectSection(ProjectDependencies) = postProject
		{BADB59FB-1A14-42AF-B314-152C4787F437} = {BADB59FB-1A14-42AF-B314-152C4787F437}
	EndProjectSection
EndProject
Project("{FAE04EC0-301F-11D3-BF4B-00C04F79EFBC}") = "NDsl", "NDsl\NDsl.csproj", "{FD488CB0-EFEB-4E14-86D8-220D378A716F}"
	ProjectSection(ProjectDependencies) = postProject
		{BADB59FB-1A14-42AF-B314-152C4787F437} = {BADB59FB-1A14-42AF-B314-152C4787F437}
	EndProjectSection
EndProject
Project("{FAE04EC0-301F-11D3-BF4B-00C04F79EFBC}") = "NCase", "NCase\NCase.csproj", "{D0D5C7C4-BF78-4E28-B7ED-012D30A7D224}"
	ProjectSection(ProjectDependencies) = postProject
		{BADB59FB-1A14-42AF-B314-152C4787F437} = {BADB59FB-1A14-42AF-B314-152C4787F437}
	EndProjectSection
EndProject
Project("{FAE04EC0-301F-11D3-BF4B-00C04F79EFBC}") = "NDsl.Test", "NDsl.Test\NDsl.Test.csproj", "{CD3AB3F0-16C5-48AA-8297-6EAA8E8CC99A}"
EndProject
Project("{FAE04EC0-301F-11D3-BF4B-00C04F79EFBC}") = "NCase.Doc", "NCase.Doc\NCase.Doc.csproj", "{CCBBEFB2-B93B-4FDF-A401-3B1044F01032}"
EndProject
Project("{FAE04EC0-301F-11D3-BF4B-00C04F79EFBC}") = "NUtil", "NUtil\NUtil.csproj", "{80D9F218-E936-48AD-8C16-3D16B8218A0C}"
EndProject
Project("{FAE04EC0-301F-11D3-BF4B-00C04F79EFBC}") = "NCase.NUnitAdapter", "NCase.NUnitAdapter\NCase.NUnitAdapter.csproj", "{FA8E6464-C6E5-43AE-B615-A3E14DAB2B03}"
EndProject
Project("{FAE04EC0-301F-11D3-BF4B-00C04F79EFBC}") = "NCase.XunitAdapter", "NCase.XunitAdapter\NCase.XunitAdapter.csproj", "{A04648E1-25C7-41FB-A2B9-61D5D407566B}"
EndProject
Global
	GlobalSection(SolutionConfigurationPlatforms) = preSolution
		Debug|Any CPU = Debug|Any CPU
		Release|Any CPU = Release|Any CPU
	EndGlobalSection
	GlobalSection(ProjectConfigurationPlatforms) = postSolution
		{BADB59FB-1A14-42AF-B314-152C4787F437}.Debug|Any CPU.ActiveCfg = Debug|Any CPU
		{BADB59FB-1A14-42AF-B314-152C4787F437}.Debug|Any CPU.Build.0 = Debug|Any CPU
		{BADB59FB-1A14-42AF-B314-152C4787F437}.Release|Any CPU.ActiveCfg = Release|Any CPU
		{BADB59FB-1A14-42AF-B314-152C4787F437}.Release|Any CPU.Build.0 = Release|Any CPU
		{27C500D5-5781-47C9-8F64-FCED56FDDBBD}.Debug|Any CPU.ActiveCfg = Debug|Any CPU
		{27C500D5-5781-47C9-8F64-FCED56FDDBBD}.Debug|Any CPU.Build.0 = Debug|Any CPU
		{27C500D5-5781-47C9-8F64-FCED56FDDBBD}.Release|Any CPU.ActiveCfg = Release|Any CPU
		{27C500D5-5781-47C9-8F64-FCED56FDDBBD}.Release|Any CPU.Build.0 = Release|Any CPU
		{02C99571-1D56-4883-963B-62B747D6B08C}.Debug|Any CPU.ActiveCfg = Debug|Any CPU
		{02C99571-1D56-4883-963B-62B747D6B08C}.Debug|Any CPU.Build.0 = Debug|Any CPU
		{02C99571-1D56-4883-963B-62B747D6B08C}.Release|Any CPU.ActiveCfg = Release|Any CPU
		{02C99571-1D56-4883-963B-62B747D6B08C}.Release|Any CPU.Build.0 = Release|Any CPU
		{8577FB44-7DE1-4E70-A00A-AB13DF5E84F3}.Debug|Any CPU.ActiveCfg = Debug|Any CPU
		{8577FB44-7DE1-4E70-A00A-AB13DF5E84F3}.Debug|Any CPU.Build.0 = Debug|Any CPU
		{8577FB44-7DE1-4E70-A00A-AB13DF5E84F3}.Release|Any CPU.ActiveCfg = Release|Any CPU
		{8577FB44-7DE1-4E70-A00A-AB13DF5E84F3}.Release|Any CPU.Build.0 = Release|Any CPU
		{FD488CB0-EFEB-4E14-86D8-220D378A716F}.Debug|Any CPU.ActiveCfg = Debug|Any CPU
		{FD488CB0-EFEB-4E14-86D8-220D378A716F}.Debug|Any CPU.Build.0 = Debug|Any CPU
		{FD488CB0-EFEB-4E14-86D8-220D378A716F}.Release|Any CPU.ActiveCfg = Release|Any CPU
		{FD488CB0-EFEB-4E14-86D8-220D378A716F}.Release|Any CPU.Build.0 = Release|Any CPU
		{D0D5C7C4-BF78-4E28-B7ED-012D30A7D224}.Debug|Any CPU.ActiveCfg = Debug|Any CPU
		{D0D5C7C4-BF78-4E28-B7ED-012D30A7D224}.Debug|Any CPU.Build.0 = Debug|Any CPU
		{D0D5C7C4-BF78-4E28-B7ED-012D30A7D224}.Release|Any CPU.ActiveCfg = Release|Any CPU
		{D0D5C7C4-BF78-4E28-B7ED-012D30A7D224}.Release|Any CPU.Build.0 = Release|Any CPU
		{CD3AB3F0-16C5-48AA-8297-6EAA8E8CC99A}.Debug|Any CPU.ActiveCfg = Debug|Any CPU
		{CD3AB3F0-16C5-48AA-8297-6EAA8E8CC99A}.Debug|Any CPU.Build.0 = Debug|Any CPU
		{CD3AB3F0-16C5-48AA-8297-6EAA8E8CC99A}.Release|Any CPU.ActiveCfg = Release|Any CPU
		{CD3AB3F0-16C5-48AA-8297-6EAA8E8CC99A}.Release|Any CPU.Build.0 = Release|Any CPU
		{CCBBEFB2-B93B-4FDF-A401-3B1044F01032}.Debug|Any CPU.ActiveCfg = Debug|Any CPU
		{CCBBEFB2-B93B-4FDF-A401-3B1044F01032}.Debug|Any CPU.Build.0 = Debug|Any CPU
		{CCBBEFB2-B93B-4FDF-A401-3B1044F01032}.Release|Any CPU.ActiveCfg = Release|Any CPU
		{CCBBEFB2-B93B-4FDF-A401-3B1044F01032}.Release|Any CPU.Build.0 = Release|Any CPU
		{80D9F218-E936-48AD-8C16-3D16B8218A0C}.Debug|Any CPU.ActiveCfg = Debug|Any CPU
		{80D9F218-E936-48AD-8C16-3D16B8218A0C}.Debug|Any CPU.Build.0 = Debug|Any CPU
		{80D9F218-E936-48AD-8C16-3D16B8218A0C}.Release|Any CPU.ActiveCfg = Release|Any CPU
		{80D9F218-E936-48AD-8C16-3D16B8218A0C}.Release|Any CPU.Build.0 = Release|Any CPU
		{FA8E6464-C6E5-43AE-B615-A3E14DAB2B03}.Debug|Any CPU.ActiveCfg = Debug|Any CPU
		{FA8E6464-C6E5-43AE-B615-A3E14DAB2B03}.Debug|Any CPU.Build.0 = Debug|Any CPU
		{FA8E6464-C6E5-43AE-B615-A3E14DAB2B03}.Release|Any CPU.ActiveCfg = Release|Any CPU
		{FA8E6464-C6E5-43AE-B615-A3E14DAB2B03}.Release|Any CPU.Build.0 = Release|Any CPU
		{A04648E1-25C7-41FB-A2B9-61D5D407566B}.Debug|Any CPU.ActiveCfg = Debug|Any CPU
		{A04648E1-25C7-41FB-A2B9-61D5D407566B}.Debug|Any CPU.Build.0 = Debug|Any CPU
		{A04648E1-25C7-41FB-A2B9-61D5D407566B}.Release|Any CPU.ActiveCfg = Release|Any CPU
		{A04648E1-25C7-41FB-A2B9-61D5D407566B}.Release|Any CPU.Build.0 = Release|Any CPU
	EndGlobalSection
	GlobalSection(SolutionProperties) = preSolution
		HideSolutionNode = FALSE
	EndGlobalSection
EndGlobal
